// !$*UTF8*$!
{
	archiveVersion = 1;
	classes = {
	};
	objectVersion = 46;
	objects = {

/* Begin PBXBuildFile section */
		9A479DFA18533C7600E89229 /* Foundation.framework in Frameworks */ = {isa = PBXBuildFile; fileRef = 9A479DF918533C7600E89229 /* Foundation.framework */; };
		9A479DFC18533C7600E89229 /* CoreGraphics.framework in Frameworks */ = {isa = PBXBuildFile; fileRef = 9A479DFB18533C7600E89229 /* CoreGraphics.framework */; };
		9A479DFE18533C7600E89229 /* UIKit.framework in Frameworks */ = {isa = PBXBuildFile; fileRef = 9A479DFD18533C7600E89229 /* UIKit.framework */; };
		9A479E0418533C7600E89229 /* InfoPlist.strings in Resources */ = {isa = PBXBuildFile; fileRef = 9A479E0218533C7600E89229 /* InfoPlist.strings */; };
		9A479E0618533C7600E89229 /* main.m in Sources */ = {isa = PBXBuildFile; fileRef = 9A479E0518533C7600E89229 /* main.m */; };
		9A479E0A18533C7600E89229 /* AppDelegate.m in Sources */ = {isa = PBXBuildFile; fileRef = 9A479E0918533C7600E89229 /* AppDelegate.m */; };
		9A479E0D18533C7600E89229 /* Main.storyboard in Resources */ = {isa = PBXBuildFile; fileRef = 9A479E0B18533C7600E89229 /* Main.storyboard */; };
		9A479E1018533C7600E89229 /* ViewController.m in Sources */ = {isa = PBXBuildFile; fileRef = 9A479E0F18533C7600E89229 /* ViewController.m */; };
		9A479E1218533C7600E89229 /* Images.xcassets in Resources */ = {isa = PBXBuildFile; fileRef = 9A479E1118533C7600E89229 /* Images.xcassets */; };
		9A479E1918533C7600E89229 /* XCTest.framework in Frameworks */ = {isa = PBXBuildFile; fileRef = 9A479E1818533C7600E89229 /* XCTest.framework */; };
		9A479E1A18533C7600E89229 /* Foundation.framework in Frameworks */ = {isa = PBXBuildFile; fileRef = 9A479DF918533C7600E89229 /* Foundation.framework */; };
		9A479E1B18533C7600E89229 /* UIKit.framework in Frameworks */ = {isa = PBXBuildFile; fileRef = 9A479DFD18533C7600E89229 /* UIKit.framework */; };
		9A479E2318533C7600E89229 /* InfoPlist.strings in Resources */ = {isa = PBXBuildFile; fileRef = 9A479E2118533C7600E89229 /* InfoPlist.strings */; };
		9A479E2518533C7600E89229 /* MakeLabelTopTextTests.m in Sources */ = {isa = PBXBuildFile; fileRef = 9A479E2418533C7600E89229 /* MakeLabelTopTextTests.m */; };
/* End PBXBuildFile section */

/* Begin PBXContainerItemProxy section */
		9A479E1C18533C7600E89229 /* PBXContainerItemProxy */ = {
			isa = PBXContainerItemProxy;
			containerPortal = 9A479DEE18533C7600E89229 /* Project object */;
			proxyType = 1;
			remoteGlobalIDString = 9A479DF518533C7600E89229;
			remoteInfo = MakeLabelTopText;
		};
/* End PBXContainerItemProxy section */

/* Begin PBXFileReference section */
		9A479DF618533C7600E89229 /* MakeLabelTopText.app */ = {isa = PBXFileReference; explicitFileType = wrapper.application; includeInIndex = 0; path = MakeLabelTopText.app; sourceTree = BUILT_PRODUCTS_DIR; };
		9A479DF918533C7600E89229 /* Foundation.framework */ = {isa = PBXFileReference; lastKnownFileType = wrapper.framework; name = Foundation.framework; path = System/Library/Frameworks/Foundation.framework; sourceTree = SDKROOT; };
		9A479DFB18533C7600E89229 /* CoreGraphics.framework */ = {isa = PBXFileReference; lastKnownFileType = wrapper.framework; name = CoreGraphics.framework; path = System/Library/Frameworks/CoreGraphics.framework; sourceTree = SDKROOT; };
		9A479DFD18533C7600E89229 /* UIKit.framework */ = {isa = PBXFileReference; lastKnownFileType = wrapper.framework; name = UIKit.framework; path = System/Library/Frameworks/UIKit.framework; sourceTree = SDKROOT; };
		9A479E0118533C7600E89229 /* MakeLabelTopText-Info.plist */ = {isa = PBXFileReference; lastKnownFileType = text.plist.xml; path = "MakeLabelTopText-Info.plist"; sourceTree = "<group>"; };
		9A479E0318533C7600E89229 /* en */ = {isa = PBXFileReference; lastKnownFileType = text.plist.strings; name = en; path = en.lproj/InfoPlist.strings; sourceTree = "<group>"; };
		9A479E0518533C7600E89229 /* main.m */ = {isa = PBXFileReference; lastKnownFileType = sourcecode.c.objc; path = main.m; sourceTree = "<group>"; };
		9A479E0718533C7600E89229 /* MakeLabelTopText-Prefix.pch */ = {isa = PBXFileReference; lastKnownFileType = sourcecode.c.h; path = "MakeLabelTopText-Prefix.pch"; sourceTree = "<group>"; };
		9A479E0818533C7600E89229 /* AppDelegate.h */ = {isa = PBXFileReference; lastKnownFileType = sourcecode.c.h; path = AppDelegate.h; sourceTree = "<group>"; };
		9A479E0918533C7600E89229 /* AppDelegate.m */ = {isa = PBXFileReference; lastKnownFileType = sourcecode.c.objc; path = AppDelegate.m; sourceTree = "<group>"; };
		9A479E0C18533C7600E89229 /* Base */ = {isa = PBXFileReference; lastKnownFileType = file.storyboard; name = Base; path = Base.lproj/Main.storyboard; sourceTree = "<group>"; };
		9A479E0E18533C7600E89229 /* ViewController.h */ = {isa = PBXFileReference; lastKnownFileType = sourcecode.c.h; path = ViewController.h; sourceTree = "<group>"; };
		9A479E0F18533C7600E89229 /* ViewController.m */ = {isa = PBXFileReference; lastKnownFileType = sourcecode.c.objc; path = ViewController.m; sourceTree = "<group>"; };
		9A479E1118533C7600E89229 /* Images.xcassets */ = {isa = PBXFileReference; lastKnownFileType = folder.assetcatalog; path = Images.xcassets; sourceTree = "<group>"; };
		9A479E1718533C7600E89229 /* MakeLabelTopTextTests.xctest */ = {isa = PBXFileReference; explicitFileType = wrapper.cfbundle; includeInIndex = 0; path = MakeLabelTopTextTests.xctest; sourceTree = BUILT_PRODUCTS_DIR; };
		9A479E1818533C7600E89229 /* XCTest.framework */ = {isa = PBXFileReference; lastKnownFileType = wrapper.framework; name = XCTest.framework; path = Library/Frameworks/XCTest.framework; sourceTree = DEVELOPER_DIR; };
		9A479E2018533C7600E89229 /* MakeLabelTopTextTests-Info.plist */ = {isa = PBXFileReference; lastKnownFileType = text.plist.xml; path = "MakeLabelTopTextTests-Info.plist"; sourceTree = "<group>"; };
		9A479E2218533C7600E89229 /* en */ = {isa = PBXFileReference; lastKnownFileType = text.plist.strings; name = en; path = en.lproj/InfoPlist.strings; sourceTree = "<group>"; };
		9A479E2418533C7600E89229 /* MakeLabelTopTextTests.m */ = {isa = PBXFileReference; lastKnownFileType = sourcecode.c.objc; path = MakeLabelTopTextTests.m; sourceTree = "<group>"; };
/* End PBXFileReference section */

/* Begin PBXFrameworksBuildPhase section */
		9A479DF318533C7600E89229 /* Frameworks */ = {
			isa = PBXFrameworksBuildPhase;
			buildActionMask = 2147483647;
			files = (
				9A479DFC18533C7600E89229 /* CoreGraphics.framework in Frameworks */,
				9A479DFE18533C7600E89229 /* UIKit.framework in Frameworks */,
				9A479DFA18533C7600E89229 /* Foundation.framework in Frameworks */,
			);
			runOnlyForDeploymentPostprocessing = 0;
		};
		9A479E1418533C7600E89229 /* Frameworks */ = {
			isa = PBXFrameworksBuildPhase;
			buildActionMask = 2147483647;
			files = (
				9A479E1918533C7600E89229 /* XCTest.framework in Frameworks */,
				9A479E1B18533C7600E89229 /* UIKit.framework in Frameworks */,
				9A479E1A18533C7600E89229 /* Foundation.framework in Frameworks */,
			);
			runOnlyForDeploymentPostprocessing = 0;
		};
/* End PBXFrameworksBuildPhase section */

/* Begin PBXGroup section */
		9A479DED18533C7600E89229 = {
			isa = PBXGroup;
			children = (
				9A479DFF18533C7600E89229 /* MakeLabelTopText */,
				9A479E1E18533C7600E89229 /* MakeLabelTopTextTests */,
				9A479DF818533C7600E89229 /* Frameworks */,
				9A479DF718533C7600E89229 /* Products */,
			);
			sourceTree = "<group>";
		};
		9A479DF718533C7600E89229 /* Products */ = {
			isa = PBXGroup;
			children = (
				9A479DF618533C7600E89229 /* MakeLabelTopText.app */,
				9A479E1718533C7600E89229 /* MakeLabelTopTextTests.xctest */,
			);
			name = Products;
			sourceTree = "<group>";
		};
		9A479DF818533C7600E89229 /* Frameworks */ = {
			isa = PBXGroup;
			children = (
				9A479DF918533C7600E89229 /* Foundation.framework */,
				9A479DFB18533C7600E89229 /* CoreGraphics.framework */,
				9A479DFD18533C7600E89229 /* UIKit.framework */,
				9A479E1818533C7600E89229 /* XCTest.framework */,
			);
			name = Frameworks;
			sourceTree = "<group>";
		};
		9A479DFF18533C7600E89229 /* MakeLabelTopText */ = {
			isa = PBXGroup;
			children = (
				9A479E0818533C7600E89229 /* AppDelegate.h */,
				9A479E0918533C7600E89229 /* AppDelegate.m */,
				9A479E0B18533C7600E89229 /* Main.storyboard */,
				9A479E0E18533C7600E89229 /* ViewController.h */,
				9A479E0F18533C7600E89229 /* ViewController.m */,
				9A479E1118533C7600E89229 /* Images.xcassets */,
				9A479E0018533C7600E89229 /* Supporting Files */,
			);
			path = MakeLabelTopText;
			sourceTree = "<group>";
		};
		9A479E0018533C7600E89229 /* Supporting Files */ = {
			isa = PBXGroup;
			children = (
				9A479E0118533C7600E89229 /* MakeLabelTopText-Info.plist */,
				9A479E0218533C7600E89229 /* InfoPlist.strings */,
				9A479E0518533C7600E89229 /* main.m */,
				9A479E0718533C7600E89229 /* MakeLabelTopText-Prefix.pch */,
			);
			name = "Supporting Files";
			sourceTree = "<group>";
		};
		9A479E1E18533C7600E89229 /* MakeLabelTopTextTests */ = {
			isa = PBXGroup;
			children = (
				9A479E2418533C7600E89229 /* MakeLabelTopTextTests.m */,
				9A479E1F18533C7600E89229 /* Supporting Files */,
			);
			path = MakeLabelTopTextTests;
			sourceTree = "<group>";
		};
		9A479E1F18533C7600E89229 /* Supporting Files */ = {
			isa = PBXGroup;
			children = (
				9A479E2018533C7600E89229 /* MakeLabelTopTextTests-Info.plist */,
				9A479E2118533C7600E89229 /* InfoPlist.strings */,
			);
			name = "Supporting Files";
			sourceTree = "<group>";
		};
/* End PBXGroup section */

/* Begin PBXNativeTarget section */
		9A479DF518533C7600E89229 /* MakeLabelTopText */ = {
			isa = PBXNativeTarget;
			buildConfigurationList = 9A479E2818533C7600E89229 /* Build configuration list for PBXNativeTarget "MakeLabelTopText" */;
			buildPhases = (
				9A479DF218533C7600E89229 /* Sources */,
				9A479DF318533C7600E89229 /* Frameworks */,
				9A479DF418533C7600E89229 /* Resources */,
			);
			buildRules = (
			);
			dependencies = (
			);
			name = MakeLabelTopText;
			productName = MakeLabelTopText;
			productReference = 9A479DF618533C7600E89229 /* MakeLabelTopText.app */;
			productType = "com.apple.product-type.application";
		};
		9A479E1618533C7600E89229 /* MakeLabelTopTextTests */ = {
			isa = PBXNativeTarget;
			buildConfigurationList = 9A479E2B18533C7600E89229 /* Build configuration list for PBXNativeTarget "MakeLabelTopTextTests" */;
			buildPhases = (
				9A479E1318533C7600E89229 /* Sources */,
				9A479E1418533C7600E89229 /* Frameworks */,
				9A479E1518533C7600E89229 /* Resources */,
			);
			buildRules = (
			);
			dependencies = (
				9A479E1D18533C7600E89229 /* PBXTargetDependency */,
			);
			name = MakeLabelTopTextTests;
			productName = MakeLabelTopTextTests;
			productReference = 9A479E1718533C7600E89229 /* MakeLabelTopTextTests.xctest */;
			productType = "com.apple.product-type.bundle.unit-test";
		};
/* End PBXNativeTarget section */

/* Begin PBXProject section */
		9A479DEE18533C7600E89229 /* Project object */ = {
			isa = PBXProject;
			attributes = {
				LastUpgradeCheck = 0500;
				ORGANIZATIONNAME = MacMini;
				TargetAttributes = {
					9A479E1618533C7600E89229 = {
						TestTargetID = 9A479DF518533C7600E89229;
					};
				};
			};
			buildConfigurationList = 9A479DF118533C7600E89229 /* Build configuration list for PBXProject "MakeLabelTopText" */;
			compatibilityVersion = "Xcode 3.2";
			developmentRegion = English;
			hasScannedForEncodings = 0;
			knownRegions = (
				en,
				Base,
			);
			mainGroup = 9A479DED18533C7600E89229;
			productRefGroup = 9A479DF718533C7600E89229 /* Products */;
			projectDirPath = "";
			projectRoot = "";
			targets = (
				9A479DF518533C7600E89229 /* MakeLabelTopText */,
				9A479E1618533C7600E89229 /* MakeLabelTopTextTests */,
			);
		};
/* End PBXProject section */

/* Begin PBXResourcesBuildPhase section */
		9A479DF418533C7600E89229 /* Resources */ = {
			isa = PBXResourcesBuildPhase;
			buildActionMask = 2147483647;
			files = (
				9A479E1218533C7600E89229 /* Images.xcassets in Resources */,
				9A479E0418533C7600E89229 /* InfoPlist.strings in Resources */,
				9A479E0D18533C7600E89229 /* Main.storyboard in Resources */,
			);
			runOnlyForDeploymentPostprocessing = 0;
		};
		9A479E1518533C7600E89229 /* Resources */ = {
			isa = PBXResourcesBuildPhase;
			buildActionMask = 2147483647;
			files = (
				9A479E2318533C7600E89229 /* InfoPlist.strings in Resources */,
			);
			runOnlyForDeploymentPostprocessing = 0;
		};
/* End PBXResourcesBuildPhase section */

/* Begin PBXSourcesBuildPhase section */
		9A479DF218533C7600E89229 /* Sources */ = {
			isa = PBXSourcesBuildPhase;
			buildActionMask = 2147483647;
			files = (
				9A479E1018533C7600E89229 /* ViewController.m in Sources */,
				9A479E0A18533C7600E89229 /* AppDelegate.m in Sources */,
				9A479E0618533C7600E89229 /* main.m in Sources */,
			);
			runOnlyForDeploymentPostprocessing = 0;
		};
		9A479E1318533C7600E89229 /* Sources */ = {
			isa = PBXSourcesBuildPhase;
			buildActionMask = 2147483647;
			files = (
				9A479E2518533C7600E89229 /* MakeLabelTopTextTests.m in Sources */,
			);
			runOnlyForDeploymentPostprocessing = 0;
		};
/* End PBXSourcesBuildPhase section */

/* Begin PBXTargetDependency section */
		9A479E1D18533C7600E89229 /* PBXTargetDependency */ = {
			isa = PBXTargetDependency;
			target = 9A479DF518533C7600E89229 /* MakeLabelTopText */;
			targetProxy = 9A479E1C18533C7600E89229 /* PBXContainerItemProxy */;
		};
/* End PBXTargetDependency section */

/* Begin PBXVariantGroup section */
		9A479E0218533C7600E89229 /* InfoPlist.strings */ = {
			isa = PBXVariantGroup;
			children = (
				9A479E0318533C7600E89229 /* en */,
			);
			name = InfoPlist.strings;
			sourceTree = "<group>";
		};
		9A479E0B18533C7600E89229 /* Main.storyboard */ = {
			isa = PBXVariantGroup;
			children = (
				9A479E0C18533C7600E89229 /* Base */,
			);
			name = Main.storyboard;
			sourceTree = "<group>";
		};
		9A479E2118533C7600E89229 /* InfoPlist.strings */ = {
			isa = PBXVariantGroup;
			children = (
				9A479E2218533C7600E89229 /* en */,
			);
			name = InfoPlist.strings;
			sourceTree = "<group>";
		};
/* End PBXVariantGroup section */

/* Begin XCBuildConfiguration section */
		9A479E2618533C7600E89229 /* Debug */ = {
			isa = XCBuildConfiguration;
			buildSettings = {
				ALWAYS_SEARCH_USER_PATHS = NO;
				ARCHS = "$(ARCHS_STANDARD_INCLUDING_64_BIT)";
				CLANG_CXX_LANGUAGE_STANDARD = "gnu++0x";
				CLANG_CXX_LIBRARY = "libc++";
				CLANG_ENABLE_MODULES = YES;
				CLANG_ENABLE_OBJC_ARC = YES;
				CLANG_WARN_BOOL_CONVERSION = YES;
				CLANG_WARN_CONSTANT_CONVERSION = YES;
				CLANG_WARN_DIRECT_OBJC_ISA_USAGE = YES_ERROR;
				CLANG_WARN_EMPTY_BODY = YES;
				CLANG_WARN_ENUM_CONVERSION = YES;
				CLANG_WARN_INT_CONVERSION = YES;
				CLANG_WARN_OBJC_ROOT_CLASS = YES_ERROR;
				CLANG_WARN__DUPLICATE_METHOD_MATCH = YES;
				"CODE_SIGN_IDENTITY[sdk=iphoneos*]" = "iPhone Developer";
				COPY_PHASE_STRIP = NO;
				GCC_C_LANGUAGE_STANDARD = gnu99;
				GCC_DYNAMIC_NO_PIC = NO;
				GCC_OPTIMIZATION_LEVEL = 0;
				GCC_PREPROCESSOR_DEFINITIONS = (
					"DEBUG=1",
					"$(inherited)",
				);
				GCC_SYMBOLS_PRIVATE_EXTERN = NO;
				GCC_WARN_64_TO_32_BIT_CONVERSION = YES;
				GCC_WARN_ABOUT_RETURN_TYPE = YES_ERROR;
				GCC_WARN_UNDECLARED_SELECTOR = YES;
				GCC_WARN_UNINITIALIZED_AUTOS = YES;
				GCC_WARN_UNUSED_FUNCTION = YES;
				GCC_WARN_UNUSED_VARIABLE = YES;
				IPHONEOS_DEPLOYMENT_TARGET = 7.0;
				ONLY_ACTIVE_ARCH = YES;
				SDKROOT = iphoneos;
			};
			name = Debug;
		};
		9A479E2718533C7600E89229 /* Release */ = {
			isa = XCBuildConfiguration;
			buildSettings = {
				ALWAYS_SEARCH_USER_PATHS = NO;
				ARCHS = "$(ARCHS_STANDARD_INCLUDING_64_BIT)";
				CLANG_CXX_LANGUAGE_STANDARD = "gnu++0x";
				CLANG_CXX_LIBRARY = "libc++";
				CLANG_ENABLE_MODULES = YES;
				CLANG_ENABLE_OBJC_ARC = YES;
				CLANG_WARN_BOOL_CONVERSION = YES;
				CLANG_WARN_CONSTANT_CONVERSION = YES;
				CLANG_WARN_DIRECT_OBJC_ISA_USAGE = YES_ERROR;
				CLANG_WARN_EMPTY_BODY = YES;
				CLANG_WARN_ENUM_CONVERSION = YES;
				CLANG_WARN_INT_CONVERSION = YES;
				CLANG_WARN_OBJC_ROOT_CLASS = YES_ERROR;
				CLANG_WARN__DUPLICATE_METHOD_MATCH = YES;
				"CODE_SIGN_IDENTITY[sdk=iphoneos*]" = "iPhone Developer";
				COPY_PHASE_STRIP = YES;
				ENABLE_NS_ASSERTIONS = NO;
				GCC_C_LANGUAGE_STANDARD = gnu99;
				GCC_WARN_64_TO_32_BIT_CONVERSION = YES;
				GCC_WARN_ABOUT_RETURN_TYPE = YES_ERROR;
				GCC_WARN_UNDECLARED_SELECTOR = YES;
				GCC_WARN_UNINITIALIZED_AUTOS = YES;
				GCC_WARN_UNUSED_FUNCTION = YES;
				GCC_WARN_UNUSED_VARIABLE = YES;
				IPHONEOS_DEPLOYMENT_TARGET = 7.0;
				SDKROOT = iphoneos;
				VALIDATE_PRODUCT = YES;
			};
			name = Release;
		};
		9A479E2918533C7600E89229 /* Debug */ = {
			isa = XCBuildConfiguration;
			buildSettings = {
				ASSETCATALOG_COMPILER_APPICON_NAME = AppIcon;
				ASSETCATALOG_COMPILER_LAUNCHIMAGE_NAME = LaunchImage;
				GCC_PRECOMPILE_PREFIX_HEADER = YES;
				GCC_PREFIX_HEADER = "MakeLabelTopText/MakeLabelTopText-Prefix.pch";
				INFOPLIST_FILE = "MakeLabelTopText/MakeLabelTopText-Info.plist";
				PRODUCT_NAME = "$(TARGET_NAME)";
				WRAPPER_EXTENSION = app;
			};
			name = Debug;
		};
		9A479E2A18533C7600E89229 /* Release */ = {
			isa = XCBuildConfiguration;
			buildSettings = {
				ASSETCATALOG_COMPILER_APPICON_NAME = AppIcon;
				ASSETCATALOG_COMPILER_LAUNCHIMAGE_NAME = LaunchImage;
				GCC_PRECOMPILE_PREFIX_HEADER = YES;
				GCC_PREFIX_HEADER = "MakeLabelTopText/MakeLabelTopText-Prefix.pch";
				INFOPLIST_FILE = "MakeLabelTopText/MakeLabelTopText-Info.plist";
				PRODUCT_NAME = "$(TARGET_NAME)";
				WRAPPER_EXTENSION = app;
			};
			name = Release;
		};
		9A479E2C18533C7600E89229 /* Debug */ = {
			isa = XCBuildConfiguration;
			buildSettings = {
				ARCHS = "$(ARCHS_STANDARD_INCLUDING_64_BIT)";
				BUNDLE_LOADER = "$(BUILT_PRODUCTS_DIR)/MakeLabelTopText.app/MakeLabelTopText";
				FRAMEWORK_SEARCH_PATHS = (
					"$(SDKROOT)/Developer/Library/Frameworks",
					"$(inherited)",
					"$(DEVELOPER_FRAMEWORKS_DIR)",
				);
				GCC_PRECOMPILE_PREFIX_HEADER = YES;
				GCC_PREFIX_HEADER = "MakeLabelTopText/MakeLabelTopText-Prefix.pch";
				GCC_PREPROCESSOR_DEFINITIONS = (
					"DEBUG=1",
					"$(inherited)",
				);
				INFOPLIST_FILE = "MakeLabelTopTextTests/MakeLabelTopTextTests-Info.plist";
				PRODUCT_NAME = "$(TARGET_NAME)";
				TEST_HOST = "$(BUNDLE_LOADER)";
				WRAPPER_EXTENSION = xctest;
			};
			name = Debug;
		};
		9A479E2D18533C7600E89229 /* Release */ = {
			isa = XCBuildConfiguration;
			buildSettings = {
				ARCHS = "$(ARCHS_STANDARD_INCLUDING_64_BIT)";
				BUNDLE_LOADER = "$(BUILT_PRODUCTS_DIR)/MakeLabelTopText.app/MakeLabelTopText";
				FRAMEWORK_SEARCH_PATHS = (
					"$(SDKROOT)/Developer/Library/Frameworks",
					"$(inherited)",
					"$(DEVELOPER_FRAMEWORKS_DIR)",
				);
				GCC_PRECOMPILE_PREFIX_HEADER = YES;
				GCC_PREFIX_HEADER = "MakeLabelTopText/MakeLabelTopText-Prefix.pch";
				INFOPLIST_FILE = "MakeLabelTopTextTests/MakeLabelTopTextTests-Info.plist";
				PRODUCT_NAME = "$(TARGET_NAME)";
				TEST_HOST = "$(BUNDLE_LOADER)";
				WRAPPER_EXTENSION = xctest;
			};
			name = Release;
		};
/* End XCBuildConfiguration section */

/* Begin XCConfigurationList section */
		9A479DF118533C7600E89229 /* Build configuration list for PBXProject "MakeLabelTopText" */ = {
			isa = XCConfigurationList;
			buildConfigurations = (
				9A479E2618533C7600E89229 /* Debug */,
				9A479E2718533C7600E89229 /* Release */,
			);
			defaultConfigurationIsVisible = 0;
			defaultConfigurationName = Release;
		};
		9A479E2818533C7600E89229 /* Build configuration list for PBXNativeTarget "MakeLabelTopText" */ = {
			isa = XCConfigurationList;
			buildConfigurations = (
				9A479E2918533C7600E89229 /* Debug */,
				9A479E2A18533C7600E89229 /* Release */,
			);
			defaultConfigurationIsVisible = 0;
		};
		9A479E2B18533C7600E89229 /* Build configuration list for PBXNativeTarget "MakeLabelTopTextTests" */ = {
			isa = XCConfigurationList;
			buildConfigurations = (
				9A479E2C18533C7600E89229 /* Debug */,
				9A479E2D18533C7600E89229 /* Release */,
			);
			defaultConfigurationIsVisible = 0;
		};
/* End XCConfigurationList section */
	};
	rootObject = 9A479DEE18533C7600E89229 /* Project object */;
}
