// !$*UTF8*$!
{
	archiveVersion = 1;
	classes = {
	};
	objectVersion = 46;
	objects = {

/* Begin PBXBuildFile section */
		9AA90B081850DA26002F40FF /* Foundation.framework in Frameworks */ = {isa = PBXBuildFile; fileRef = 9AA90B071850DA26002F40FF /* Foundation.framework */; };
		9AA90B0A1850DA26002F40FF /* CoreGraphics.framework in Frameworks */ = {isa = PBXBuildFile; fileRef = 9AA90B091850DA26002F40FF /* CoreGraphics.framework */; };
		9AA90B0C1850DA26002F40FF /* UIKit.framework in Frameworks */ = {isa = PBXBuildFile; fileRef = 9AA90B0B1850DA26002F40FF /* UIKit.framework */; };
		9AA90B121850DA26002F40FF /* InfoPlist.strings in Resources */ = {isa = PBXBuildFile; fileRef = 9AA90B101850DA26002F40FF /* InfoPlist.strings */; };
		9AA90B141850DA26002F40FF /* main.m in Sources */ = {isa = PBXBuildFile; fileRef = 9AA90B131850DA26002F40FF /* main.m */; };
		9AA90B181850DA26002F40FF /* AppDelegate.m in Sources */ = {isa = PBXBuildFile; fileRef = 9AA90B171850DA26002F40FF /* AppDelegate.m */; };
		9AA90B1B1850DA26002F40FF /* Main.storyboard in Resources */ = {isa = PBXBuildFile; fileRef = 9AA90B191850DA26002F40FF /* Main.storyboard */; };
		9AA90B1E1850DA26002F40FF /* ViewController.m in Sources */ = {isa = PBXBuildFile; fileRef = 9AA90B1D1850DA26002F40FF /* ViewController.m */; };
		9AA90B201850DA26002F40FF /* Images.xcassets in Resources */ = {isa = PBXBuildFile; fileRef = 9AA90B1F1850DA26002F40FF /* Images.xcassets */; };
		9AA90B401850DA69002F40FF /* ButtonAgree.m in Sources */ = {isa = PBXBuildFile; fileRef = 9AA90B3F1850DA69002F40FF /* ButtonAgree.m */; };
		9AA90B441850DD6F002F40FF /* button_green_mid.png in Resources */ = {isa = PBXBuildFile; fileRef = 9AA90B411850DD6F002F40FF /* button_green_mid.png */; };
		9AA90B451850DD6F002F40FF /* button_green_right.png in Resources */ = {isa = PBXBuildFile; fileRef = 9AA90B421850DD6F002F40FF /* button_green_right.png */; };
		9AA90B461850DD6F002F40FF /* button_green_left.png in Resources */ = {isa = PBXBuildFile; fileRef = 9AA90B431850DD6F002F40FF /* button_green_left.png */; };
		9AA90B4A1850DD8A002F40FF /* button_green_left@2x.png in Resources */ = {isa = PBXBuildFile; fileRef = 9AA90B471850DD8A002F40FF /* button_green_left@2x.png */; };
		9AA90B4B1850DD8A002F40FF /* button_green_mid@2x.png in Resources */ = {isa = PBXBuildFile; fileRef = 9AA90B481850DD8A002F40FF /* button_green_mid@2x.png */; };
		9AA90B4C1850DD8A002F40FF /* button_green_right@2x.png in Resources */ = {isa = PBXBuildFile; fileRef = 9AA90B491850DD8A002F40FF /* button_green_right@2x.png */; };
/* End PBXBuildFile section */

/* Begin PBXFileReference section */
		9AA90B041850DA26002F40FF /* MakeButtonAgree.app */ = {isa = PBXFileReference; explicitFileType = wrapper.application; includeInIndex = 0; path = MakeButtonAgree.app; sourceTree = BUILT_PRODUCTS_DIR; };
		9AA90B071850DA26002F40FF /* Foundation.framework */ = {isa = PBXFileReference; lastKnownFileType = wrapper.framework; name = Foundation.framework; path = System/Library/Frameworks/Foundation.framework; sourceTree = SDKROOT; };
		9AA90B091850DA26002F40FF /* CoreGraphics.framework */ = {isa = PBXFileReference; lastKnownFileType = wrapper.framework; name = CoreGraphics.framework; path = System/Library/Frameworks/CoreGraphics.framework; sourceTree = SDKROOT; };
		9AA90B0B1850DA26002F40FF /* UIKit.framework */ = {isa = PBXFileReference; lastKnownFileType = wrapper.framework; name = UIKit.framework; path = System/Library/Frameworks/UIKit.framework; sourceTree = SDKROOT; };
		9AA90B0F1850DA26002F40FF /* MakeButtonAgree-Info.plist */ = {isa = PBXFileReference; lastKnownFileType = text.plist.xml; path = "MakeButtonAgree-Info.plist"; sourceTree = "<group>"; };
		9AA90B111850DA26002F40FF /* en */ = {isa = PBXFileReference; lastKnownFileType = text.plist.strings; name = en; path = en.lproj/InfoPlist.strings; sourceTree = "<group>"; };
		9AA90B131850DA26002F40FF /* main.m */ = {isa = PBXFileReference; lastKnownFileType = sourcecode.c.objc; path = main.m; sourceTree = "<group>"; };
		9AA90B151850DA26002F40FF /* MakeButtonAgree-Prefix.pch */ = {isa = PBXFileReference; lastKnownFileType = sourcecode.c.h; path = "MakeButtonAgree-Prefix.pch"; sourceTree = "<group>"; };
		9AA90B161850DA26002F40FF /* AppDelegate.h */ = {isa = PBXFileReference; lastKnownFileType = sourcecode.c.h; path = AppDelegate.h; sourceTree = "<group>"; };
		9AA90B171850DA26002F40FF /* AppDelegate.m */ = {isa = PBXFileReference; lastKnownFileType = sourcecode.c.objc; path = AppDelegate.m; sourceTree = "<group>"; };
		9AA90B1A1850DA26002F40FF /* Base */ = {isa = PBXFileReference; lastKnownFileType = file.storyboard; name = Base; path = Base.lproj/Main.storyboard; sourceTree = "<group>"; };
		9AA90B1C1850DA26002F40FF /* ViewController.h */ = {isa = PBXFileReference; lastKnownFileType = sourcecode.c.h; path = ViewController.h; sourceTree = "<group>"; };
		9AA90B1D1850DA26002F40FF /* ViewController.m */ = {isa = PBXFileReference; lastKnownFileType = sourcecode.c.objc; path = ViewController.m; sourceTree = "<group>"; };
		9AA90B1F1850DA26002F40FF /* Images.xcassets */ = {isa = PBXFileReference; lastKnownFileType = folder.assetcatalog; path = Images.xcassets; sourceTree = "<group>"; };
		9AA90B261850DA26002F40FF /* XCTest.framework */ = {isa = PBXFileReference; lastKnownFileType = wrapper.framework; name = XCTest.framework; path = Library/Frameworks/XCTest.framework; sourceTree = DEVELOPER_DIR; };
		9AA90B3E1850DA69002F40FF /* ButtonAgree.h */ = {isa = PBXFileReference; fileEncoding = 4; lastKnownFileType = sourcecode.c.h; path = ButtonAgree.h; sourceTree = "<group>"; };
		9AA90B3F1850DA69002F40FF /* ButtonAgree.m */ = {isa = PBXFileReference; fileEncoding = 4; lastKnownFileType = sourcecode.c.objc; path = ButtonAgree.m; sourceTree = "<group>"; };
		9AA90B411850DD6F002F40FF /* button_green_mid.png */ = {isa = PBXFileReference; lastKnownFileType = image.png; path = button_green_mid.png; sourceTree = "<group>"; };
		9AA90B421850DD6F002F40FF /* button_green_right.png */ = {isa = PBXFileReference; lastKnownFileType = image.png; path = button_green_right.png; sourceTree = "<group>"; };
		9AA90B431850DD6F002F40FF /* button_green_left.png */ = {isa = PBXFileReference; lastKnownFileType = image.png; path = button_green_left.png; sourceTree = "<group>"; };
		9AA90B471850DD8A002F40FF /* button_green_left@2x.png */ = {isa = PBXFileReference; lastKnownFileType = image.png; path = "button_green_left@2x.png"; sourceTree = "<group>"; };
		9AA90B481850DD8A002F40FF /* button_green_mid@2x.png */ = {isa = PBXFileReference; lastKnownFileType = image.png; path = "button_green_mid@2x.png"; sourceTree = "<group>"; };
		9AA90B491850DD8A002F40FF /* button_green_right@2x.png */ = {isa = PBXFileReference; lastKnownFileType = image.png; path = "button_green_right@2x.png"; sourceTree = "<group>"; };
/* End PBXFileReference section */

/* Begin PBXFrameworksBuildPhase section */
		9AA90B011850DA26002F40FF /* Frameworks */ = {
			isa = PBXFrameworksBuildPhase;
			buildActionMask = 2147483647;
			files = (
				9AA90B0A1850DA26002F40FF /* CoreGraphics.framework in Frameworks */,
				9AA90B0C1850DA26002F40FF /* UIKit.framework in Frameworks */,
				9AA90B081850DA26002F40FF /* Foundation.framework in Frameworks */,
			);
			runOnlyForDeploymentPostprocessing = 0;
		};
/* End PBXFrameworksBuildPhase section */

/* Begin PBXGroup section */
		9AA90AFB1850DA26002F40FF = {
			isa = PBXGroup;
			children = (
				9AA90B0D1850DA26002F40FF /* MakeButtonAgree */,
				9AA90B061850DA26002F40FF /* Frameworks */,
				9AA90B051850DA26002F40FF /* Products */,
			);
			sourceTree = "<group>";
		};
		9AA90B051850DA26002F40FF /* Products */ = {
			isa = PBXGroup;
			children = (
				9AA90B041850DA26002F40FF /* MakeButtonAgree.app */,
			);
			name = Products;
			sourceTree = "<group>";
		};
		9AA90B061850DA26002F40FF /* Frameworks */ = {
			isa = PBXGroup;
			children = (
				9AA90B071850DA26002F40FF /* Foundation.framework */,
				9AA90B091850DA26002F40FF /* CoreGraphics.framework */,
				9AA90B0B1850DA26002F40FF /* UIKit.framework */,
				9AA90B261850DA26002F40FF /* XCTest.framework */,
			);
			name = Frameworks;
			sourceTree = "<group>";
		};
		9AA90B0D1850DA26002F40FF /* MakeButtonAgree */ = {
			isa = PBXGroup;
			children = (
				9AA90B161850DA26002F40FF /* AppDelegate.h */,
				9AA90B171850DA26002F40FF /* AppDelegate.m */,
				9AA90B191850DA26002F40FF /* Main.storyboard */,
				9AA90B1C1850DA26002F40FF /* ViewController.h */,
				9AA90B1D1850DA26002F40FF /* ViewController.m */,
				9AA90B1F1850DA26002F40FF /* Images.xcassets */,
				9AA90B0E1850DA26002F40FF /* Supporting Files */,
				9AA90B3E1850DA69002F40FF /* ButtonAgree.h */,
				9AA90B3F1850DA69002F40FF /* ButtonAgree.m */,
				9AA90B411850DD6F002F40FF /* button_green_mid.png */,
				9AA90B421850DD6F002F40FF /* button_green_right.png */,
				9AA90B431850DD6F002F40FF /* button_green_left.png */,
				9AA90B471850DD8A002F40FF /* button_green_left@2x.png */,
				9AA90B481850DD8A002F40FF /* button_green_mid@2x.png */,
				9AA90B491850DD8A002F40FF /* button_green_right@2x.png */,
			);
			path = MakeButtonAgree;
			sourceTree = "<group>";
		};
		9AA90B0E1850DA26002F40FF /* Supporting Files */ = {
			isa = PBXGroup;
			children = (
				9AA90B0F1850DA26002F40FF /* MakeButtonAgree-Info.plist */,
				9AA90B101850DA26002F40FF /* InfoPlist.strings */,
				9AA90B131850DA26002F40FF /* main.m */,
				9AA90B151850DA26002F40FF /* MakeButtonAgree-Prefix.pch */,
			);
			name = "Supporting Files";
			sourceTree = "<group>";
		};
/* End PBXGroup section */

/* Begin PBXNativeTarget section */
		9AA90B031850DA26002F40FF /* MakeButtonAgree */ = {
			isa = PBXNativeTarget;
			buildConfigurationList = 9AA90B361850DA26002F40FF /* Build configuration list for PBXNativeTarget "MakeButtonAgree" */;
			buildPhases = (
				9AA90B001850DA26002F40FF /* Sources */,
				9AA90B011850DA26002F40FF /* Frameworks */,
				9AA90B021850DA26002F40FF /* Resources */,
			);
			buildRules = (
			);
			dependencies = (
			);
			name = MakeButtonAgree;
			productName = MakeButtonAgree;
			productReference = 9AA90B041850DA26002F40FF /* MakeButtonAgree.app */;
			productType = "com.apple.product-type.application";
		};
/* End PBXNativeTarget section */

/* Begin PBXProject section */
		9AA90AFC1850DA26002F40FF /* Project object */ = {
			isa = PBXProject;
			attributes = {
				LastUpgradeCheck = 0500;
				ORGANIZATIONNAME = MacMini;
			};
			buildConfigurationList = 9AA90AFF1850DA26002F40FF /* Build configuration list for PBXProject "MakeButtonAgree" */;
			compatibilityVersion = "Xcode 3.2";
			developmentRegion = English;
			hasScannedForEncodings = 0;
			knownRegions = (
				en,
				Base,
			);
			mainGroup = 9AA90AFB1850DA26002F40FF;
			productRefGroup = 9AA90B051850DA26002F40FF /* Products */;
			projectDirPath = "";
			projectRoot = "";
			targets = (
				9AA90B031850DA26002F40FF /* MakeButtonAgree */,
			);
		};
/* End PBXProject section */

/* Begin PBXResourcesBuildPhase section */
		9AA90B021850DA26002F40FF /* Resources */ = {
			isa = PBXResourcesBuildPhase;
			buildActionMask = 2147483647;
			files = (
				9AA90B441850DD6F002F40FF /* button_green_mid.png in Resources */,
				9AA90B4B1850DD8A002F40FF /* button_green_mid@2x.png in Resources */,
				9AA90B4A1850DD8A002F40FF /* button_green_left@2x.png in Resources */,
				9AA90B451850DD6F002F40FF /* button_green_right.png in Resources */,
				9AA90B461850DD6F002F40FF /* button_green_left.png in Resources */,
				9AA90B201850DA26002F40FF /* Images.xcassets in Resources */,
				9AA90B4C1850DD8A002F40FF /* button_green_right@2x.png in Resources */,
				9AA90B121850DA26002F40FF /* InfoPlist.strings in Resources */,
				9AA90B1B1850DA26002F40FF /* Main.storyboard in Resources */,
			);
			runOnlyForDeploymentPostprocessing = 0;
		};
/* End PBXResourcesBuildPhase section */

/* Begin PBXSourcesBuildPhase section */
		9AA90B001850DA26002F40FF /* Sources */ = {
			isa = PBXSourcesBuildPhase;
			buildActionMask = 2147483647;
			files = (
				9AA90B401850DA69002F40FF /* ButtonAgree.m in Sources */,
				9AA90B1E1850DA26002F40FF /* ViewController.m in Sources */,
				9AA90B181850DA26002F40FF /* AppDelegate.m in Sources */,
				9AA90B141850DA26002F40FF /* main.m in Sources */,
			);
			runOnlyForDeploymentPostprocessing = 0;
		};
/* End PBXSourcesBuildPhase section */

/* Begin PBXVariantGroup section */
		9AA90B101850DA26002F40FF /* InfoPlist.strings */ = {
			isa = PBXVariantGroup;
			children = (
				9AA90B111850DA26002F40FF /* en */,
			);
			name = InfoPlist.strings;
			sourceTree = "<group>";
		};
		9AA90B191850DA26002F40FF /* Main.storyboard */ = {
			isa = PBXVariantGroup;
			children = (
				9AA90B1A1850DA26002F40FF /* Base */,
			);
			name = Main.storyboard;
			sourceTree = "<group>";
		};
/* End PBXVariantGroup section */

/* Begin XCBuildConfiguration section */
		9AA90B341850DA26002F40FF /* Debug */ = {
			isa = XCBuildConfiguration;
			buildSettings = {
				ALWAYS_SEARCH_USER_PATHS = NO;
				ARCHS = "$(ARCHS_STANDARD_INCLUDING_64_BIT)";
				CLANG_CXX_LANGUAGE_STANDARD = "gnu++0x";
				CLANG_CXX_LIBRARY = "libc++";
				CLANG_ENABLE_MODULES = YES;
				CLANG_ENABLE_OBJC_ARC = YES;
				CLANG_WARN_BOOL_CONVERSION = YES;
				CLANG_WARN_CONSTANT_CONVERSION = YES;
				CLANG_WARN_DIRECT_OBJC_ISA_USAGE = YES_ERROR;
				CLANG_WARN_EMPTY_BODY = YES;
				CLANG_WARN_ENUM_CONVERSION = YES;
				CLANG_WARN_INT_CONVERSION = YES;
				CLANG_WARN_OBJC_ROOT_CLASS = YES_ERROR;
				CLANG_WARN__DUPLICATE_METHOD_MATCH = YES;
				"CODE_SIGN_IDENTITY[sdk=iphoneos*]" = "iPhone Developer";
				COPY_PHASE_STRIP = NO;
				GCC_C_LANGUAGE_STANDARD = gnu99;
				GCC_DYNAMIC_NO_PIC = NO;
				GCC_OPTIMIZATION_LEVEL = 0;
				GCC_PREPROCESSOR_DEFINITIONS = (
					"DEBUG=1",
					"$(inherited)",
				);
				GCC_SYMBOLS_PRIVATE_EXTERN = NO;
				GCC_WARN_64_TO_32_BIT_CONVERSION = YES;
				GCC_WARN_ABOUT_RETURN_TYPE = YES_ERROR;
				GCC_WARN_UNDECLARED_SELECTOR = YES;
				GCC_WARN_UNINITIALIZED_AUTOS = YES;
				GCC_WARN_UNUSED_FUNCTION = YES;
				GCC_WARN_UNUSED_VARIABLE = YES;
				IPHONEOS_DEPLOYMENT_TARGET = 5.0;
				ONLY_ACTIVE_ARCH = YES;
				SDKROOT = iphoneos;
			};
			name = Debug;
		};
		9AA90B351850DA26002F40FF /* Release */ = {
			isa = XCBuildConfiguration;
			buildSettings = {
				ALWAYS_SEARCH_USER_PATHS = NO;
				ARCHS = "$(ARCHS_STANDARD_INCLUDING_64_BIT)";
				CLANG_CXX_LANGUAGE_STANDARD = "gnu++0x";
				CLANG_CXX_LIBRARY = "libc++";
				CLANG_ENABLE_MODULES = YES;
				CLANG_ENABLE_OBJC_ARC = YES;
				CLANG_WARN_BOOL_CONVERSION = YES;
				CLANG_WARN_CONSTANT_CONVERSION = YES;
				CLANG_WARN_DIRECT_OBJC_ISA_USAGE = YES_ERROR;
				CLANG_WARN_EMPTY_BODY = YES;
				CLANG_WARN_ENUM_CONVERSION = YES;
				CLANG_WARN_INT_CONVERSION = YES;
				CLANG_WARN_OBJC_ROOT_CLASS = YES_ERROR;
				CLANG_WARN__DUPLICATE_METHOD_MATCH = YES;
				"CODE_SIGN_IDENTITY[sdk=iphoneos*]" = "iPhone Developer";
				COPY_PHASE_STRIP = YES;
				ENABLE_NS_ASSERTIONS = NO;
				GCC_C_LANGUAGE_STANDARD = gnu99;
				GCC_WARN_64_TO_32_BIT_CONVERSION = YES;
				GCC_WARN_ABOUT_RETURN_TYPE = YES_ERROR;
				GCC_WARN_UNDECLARED_SELECTOR = YES;
				GCC_WARN_UNINITIALIZED_AUTOS = YES;
				GCC_WARN_UNUSED_FUNCTION = YES;
				GCC_WARN_UNUSED_VARIABLE = YES;
				IPHONEOS_DEPLOYMENT_TARGET = 5.0;
				SDKROOT = iphoneos;
				VALIDATE_PRODUCT = YES;
			};
			name = Release;
		};
		9AA90B371850DA26002F40FF /* Debug */ = {
			isa = XCBuildConfiguration;
			buildSettings = {
				ASSETCATALOG_COMPILER_APPICON_NAME = AppIcon;
				ASSETCATALOG_COMPILER_LAUNCHIMAGE_NAME = LaunchImage;
				GCC_PRECOMPILE_PREFIX_HEADER = YES;
				GCC_PREFIX_HEADER = "MakeButtonAgree/MakeButtonAgree-Prefix.pch";
				INFOPLIST_FILE = "MakeButtonAgree/MakeButtonAgree-Info.plist";
				PRODUCT_NAME = "$(TARGET_NAME)";
				WRAPPER_EXTENSION = app;
			};
			name = Debug;
		};
		9AA90B381850DA26002F40FF /* Release */ = {
			isa = XCBuildConfiguration;
			buildSettings = {
				ASSETCATALOG_COMPILER_APPICON_NAME = AppIcon;
				ASSETCATALOG_COMPILER_LAUNCHIMAGE_NAME = LaunchImage;
				GCC_PRECOMPILE_PREFIX_HEADER = YES;
				GCC_PREFIX_HEADER = "MakeButtonAgree/MakeButtonAgree-Prefix.pch";
				INFOPLIST_FILE = "MakeButtonAgree/MakeButtonAgree-Info.plist";
				PRODUCT_NAME = "$(TARGET_NAME)";
				WRAPPER_EXTENSION = app;
			};
			name = Release;
		};
/* End XCBuildConfiguration section */

/* Begin XCConfigurationList section */
		9AA90AFF1850DA26002F40FF /* Build configuration list for PBXProject "MakeButtonAgree" */ = {
			isa = XCConfigurationList;
			buildConfigurations = (
				9AA90B341850DA26002F40FF /* Debug */,
				9AA90B351850DA26002F40FF /* Release */,
			);
			defaultConfigurationIsVisible = 0;
			defaultConfigurationName = Release;
		};
		9AA90B361850DA26002F40FF /* Build configuration list for PBXNativeTarget "MakeButtonAgree" */ = {
			isa = XCConfigurationList;
			buildConfigurations = (
				9AA90B371850DA26002F40FF /* Debug */,
				9AA90B381850DA26002F40FF /* Release */,
			);
			defaultConfigurationIsVisible = 0;
			defaultConfigurationName = Release;
		};
/* End XCConfigurationList section */
	};
	rootObject = 9AA90AFC1850DA26002F40FF /* Project object */;
}
